
Microsoft Visual Studio Solution File, Format Version 12.00
# Visual Studio 15
Project("{FAE04EC0-301F-11D3-BF4B-00C04F79EFBC}") = "AttentionSeeker.Android", "AttentionSeeker.Android\AttentionSeeker.Android.csproj", "{F06B49C0-43D0-4AD9-9969-248B623902A6}"
EndProject
Project("{FAE04EC0-301F-11D3-BF4B-00C04F79EFBC}") = "AttentionSeeker.iOS", "AttentionSeeker.iOS\AttentionSeeker.iOS.csproj", "{847B6CB9-61BF-48F4-93BD-124AF4D40E51}"
EndProject
Project("{FAE04EC0-301F-11D3-BF4B-00C04F79EFBC}") = "AttentionSeeker", "AttentionSeeker\AttentionSeeker.csproj", "{9B586E3C-C87B-44E9-8FF9-8A25277D1AA5}"
EndProject
Global
	GlobalSection(SolutionConfigurationPlatforms) = preSolution
		Debug|Any CPU = Debug|Any CPU
		Release|Any CPU = Release|Any CPU
		Debug|iPhoneSimulator = Debug|iPhoneSimulator
		Release|iPhoneSimulator = Release|iPhoneSimulator
		Debug|iPhone = Debug|iPhone
		Release|iPhone = Release|iPhone
		Ad-Hoc|iPhone = Ad-Hoc|iPhone
		AppStore|iPhone = AppStore|iPhone
	EndGlobalSection
	GlobalSection(ProjectConfigurationPlatforms) = postSolution
		{F06B49C0-43D0-4AD9-9969-248B623902A6}.Debug|Any CPU.ActiveCfg = Debug|Any CPU
		{F06B49C0-43D0-4AD9-9969-248B623902A6}.Debug|Any CPU.Build.0 = Debug|Any CPU
		{F06B49C0-43D0-4AD9-9969-248B623902A6}.Release|Any CPU.ActiveCfg = Release|Any CPU
		{F06B49C0-43D0-4AD9-9969-248B623902A6}.Release|Any CPU.Build.0 = Release|Any CPU
		{F06B49C0-43D0-4AD9-9969-248B623902A6}.Debug|iPhoneSimulator.ActiveCfg = Debug|Any CPU
		{F06B49C0-43D0-4AD9-9969-248B623902A6}.Debug|iPhoneSimulator.Build.0 = Debug|Any CPU
		{F06B49C0-43D0-4AD9-9969-248B623902A6}.Release|iPhoneSimulator.ActiveCfg = Release|Any CPU
		{F06B49C0-43D0-4AD9-9969-248B623902A6}.Release|iPhoneSimulator.Build.0 = Release|Any CPU
		{F06B49C0-43D0-4AD9-9969-248B623902A6}.Debug|iPhone.ActiveCfg = Debug|Any CPU
		{F06B49C0-43D0-4AD9-9969-248B623902A6}.Debug|iPhone.Build.0 = Debug|Any CPU
		{F06B49C0-43D0-4AD9-9969-248B623902A6}.Release|iPhone.ActiveCfg = Release|Any CPU
		{F06B49C0-43D0-4AD9-9969-248B623902A6}.Release|iPhone.Build.0 = Release|Any CPU
		{F06B49C0-43D0-4AD9-9969-248B623902A6}.Ad-Hoc|iPhone.ActiveCfg = Debug|Any CPU
		{F06B49C0-43D0-4AD9-9969-248B623902A6}.Ad-Hoc|iPhone.Build.0 = Debug|Any CPU
		{F06B49C0-43D0-4AD9-9969-248B623902A6}.AppStore|iPhone.ActiveCfg = Debug|Any CPU
		{F06B49C0-43D0-4AD9-9969-248B623902A6}.AppStore|iPhone.Build.0 = Debug|Any CPU
		{847B6CB9-61BF-48F4-93BD-124AF4D40E51}.Debug|Any CPU.ActiveCfg = Debug|iPhoneSimulator
		{847B6CB9-61BF-48F4-93BD-124AF4D40E51}.Debug|Any CPU.Build.0 = Debug|iPhoneSimulator
		{847B6CB9-61BF-48F4-93BD-124AF4D40E51}.Release|Any CPU.ActiveCfg = Release|iPhoneSimulator
		{847B6CB9-61BF-48F4-93BD-124AF4D40E51}.Release|Any CPU.Build.0 = Release|iPhoneSimulator
		{847B6CB9-61BF-48F4-93BD-124AF4D40E51}.Debug|iPhoneSimulator.ActiveCfg = Debug|iPhoneSimulator
		{847B6CB9-61BF-48F4-93BD-124AF4D40E51}.Debug|iPhoneSimulator.Build.0 = Debug|iPhoneSimulator
		{847B6CB9-61BF-48F4-93BD-124AF4D40E51}.Release|iPhoneSimulator.ActiveCfg = Release|iPhoneSimulator
		{847B6CB9-61BF-48F4-93BD-124AF4D40E51}.Release|iPhoneSimulator.Build.0 = Release|iPhoneSimulator
		{847B6CB9-61BF-48F4-93BD-124AF4D40E51}.Debug|iPhone.ActiveCfg = Debug|iPhone
		{847B6CB9-61BF-48F4-93BD-124AF4D40E51}.Debug|iPhone.Build.0 = Debug|iPhone
		{847B6CB9-61BF-48F4-93BD-124AF4D40E51}.Release|iPhone.ActiveCfg = Release|iPhone
		{847B6CB9-61BF-48F4-93BD-124AF4D40E51}.Release|iPhone.Build.0 = Release|iPhone
		{847B6CB9-61BF-48F4-93BD-124AF4D40E51}.Ad-Hoc|iPhone.ActiveCfg = Ad-Hoc|iPhone
		{847B6CB9-61BF-48F4-93BD-124AF4D40E51}.Ad-Hoc|iPhone.Build.0 = Ad-Hoc|iPhone
		{847B6CB9-61BF-48F4-93BD-124AF4D40E51}.AppStore|iPhone.ActiveCfg = AppStore|iPhone
		{847B6CB9-61BF-48F4-93BD-124AF4D40E51}.AppStore|iPhone.Build.0 = AppStore|iPhone
		{9B586E3C-C87B-44E9-8FF9-8A25277D1AA5}.Debug|Any CPU.ActiveCfg = Debug|Any CPU
		{9B586E3C-C87B-44E9-8FF9-8A25277D1AA5}.Debug|Any CPU.Build.0 = Debug|Any CPU
		{9B586E3C-C87B-44E9-8FF9-8A25277D1AA5}.Release|Any CPU.ActiveCfg = Release|Any CPU
		{9B586E3C-C87B-44E9-8FF9-8A25277D1AA5}.Release|Any CPU.Build.0 = Release|Any CPU
		{9B586E3C-C87B-44E9-8FF9-8A25277D1AA5}.Debug|iPhoneSimulator.ActiveCfg = Debug|Any CPU
		{9B586E3C-C87B-44E9-8FF9-8A25277D1AA5}.Debug|iPhoneSimulator.Build.0 = Debug|Any CPU
		{9B586E3C-C87B-44E9-8FF9-8A25277D1AA5}.Release|iPhoneSimulator.ActiveCfg = Release|Any CPU
		{9B586E3C-C87B-44E9-8FF9-8A25277D1AA5}.Release|iPhoneSimulator.Build.0 = Release|Any CPU
		{9B586E3C-C87B-44E9-8FF9-8A25277D1AA5}.Debug|iPhone.ActiveCfg = Debug|Any CPU
		{9B586E3C-C87B-44E9-8FF9-8A25277D1AA5}.Debug|iPhone.Build.0 = Debug|Any CPU
		{9B586E3C-C87B-44E9-8FF9-8A25277D1AA5}.Release|iPhone.ActiveCfg = Release|Any CPU
		{9B586E3C-C87B-44E9-8FF9-8A25277D1AA5}.Release|iPhone.Build.0 = Release|Any CPU
		{9B586E3C-C87B-44E9-8FF9-8A25277D1AA5}.Ad-Hoc|iPhone.ActiveCfg = Debug|Any CPU
		{9B586E3C-C87B-44E9-8FF9-8A25277D1AA5}.Ad-Hoc|iPhone.Build.0 = Debug|Any CPU
		{9B586E3C-C87B-44E9-8FF9-8A25277D1AA5}.AppStore|iPhone.ActiveCfg = Debug|Any CPU
		{9B586E3C-C87B-44E9-8FF9-8A25277D1AA5}.AppStore|iPhone.Build.0 = Debug|Any CPU
	EndGlobalSection
EndGlobal
